Microsoft Visual Studio Solution File, Format Version 10.00
# Visual Studio 2008
Project("{8BC9CEB8-8B4A-11D0-8D11-00A0C91BC942}") = "AfxGadgets", "..\Repository\AfxGadgets\AfxGadgets.2008.vcproj", "{6B7749EE-74DF-496C-9EBE-0E6C73CAA50B}"
EndProject
Project("{8BC9CEB8-8B4A-11D0-8D11-00A0C91BC942}") = "CodeProject", "..\Repository\CodeProject\CodeProject.2008.vcproj", "{55F49127-D37F-4C01-861A-55ACC3A71242}"
EndProject
Project("{8BC9CEB8-8B4A-11D0-8D11-00A0C91BC942}") = "SubstSvc", "SubstSvc\SubstSvc.2008.vcproj", "{2399102F-9EA3-4FCE-9A51-98B361A9E8C9}"
EndProject
Project("{8BC9CEB8-8B4A-11D0-8D11-00A0C91BC942}") = "WinSubst", "WinSubst\WinSubst.2008.vcproj", "{BB18E23B-EED9-4DFD-A55E-72F9F43AEA9E}"
	ProjectSection(ProjectDependencies) = postProject
		{55F49127-D37F-4C01-861A-55ACC3A71242} = {55F49127-D37F-4C01-861A-55ACC3A71242}
		{2399102F-9EA3-4FCE-9A51-98B361A9E8C9} = {2399102F-9EA3-4FCE-9A51-98B361A9E8C9}
		{6B7749EE-74DF-496C-9EBE-0E6C73CAA50B} = {6B7749EE-74DF-496C-9EBE-0E6C73CAA50B}
	EndProjectSection
EndProject
Project("{2150E333-8FDC-42A3-9474-1A3956D46DE8}") = "Common", "Common", "{C3315697-36E4-48FB-8DC1-D0EF8AAC451B}"
	ProjectSection(SolutionItems) = preProject
		Common\ApacheLicense.rtf = Common\ApacheLicense.rtf
		Common\Setup.iss = Common\Setup.iss
		Common\SetupUniversal.iss = Common\SetupUniversal.iss
	EndProjectSection
EndProject
Project("{2150E333-8FDC-42A3-9474-1A3956D46DE8}") = "Templates", "Templates", "{9DD74115-092A-4876-8861-16938001E1EB}"
	ProjectSection(SolutionItems) = preProject
		Common\Templates\Setup.iss = Common\Templates\Setup.iss
		Common\Templates\SetupUniversal.iss = Common\Templates\SetupUniversal.iss
	EndProjectSection
EndProject
Project("{2150E333-8FDC-42A3-9474-1A3956D46DE8}") = "Build Scripts", "Build Scripts", "{C3E64FB9-8DB8-4935-82F0-93A337F99DE9}"
	ProjectSection(SolutionItems) = preProject
		gbuild.cmd = gbuild.cmd
		irbuild.cmd = irbuild.cmd
		NAntSettings.txt = NAntSettings.txt
		rbuild.cmd = rbuild.cmd
		sbuild.cmd = sbuild.cmd
		xsubst.2008.build = xsubst.2008.build
		zipsrc.cmd = zipsrc.cmd
	EndProjectSection
EndProject
Global
	GlobalSection(SolutionConfigurationPlatforms) = preSolution
		MBCS Debug|Win32 = MBCS Debug|Win32
		MBCS Release|Win32 = MBCS Release|Win32
		Unicode Debug|Win32 = Unicode Debug|Win32
		Unicode Release|Win32 = Unicode Release|Win32
	EndGlobalSection
	GlobalSection(ProjectConfigurationPlatforms) = postSolution
		{6B7749EE-74DF-496C-9EBE-0E6C73CAA50B}.MBCS Debug|Win32.ActiveCfg = MBCS Debug|Win32
		{6B7749EE-74DF-496C-9EBE-0E6C73CAA50B}.MBCS Debug|Win32.Build.0 = MBCS Debug|Win32
		{6B7749EE-74DF-496C-9EBE-0E6C73CAA50B}.MBCS Release|Win32.ActiveCfg = MBCS Release|Win32
		{6B7749EE-74DF-496C-9EBE-0E6C73CAA50B}.MBCS Release|Win32.Build.0 = MBCS Release|Win32
		{6B7749EE-74DF-496C-9EBE-0E6C73CAA50B}.Unicode Debug|Win32.ActiveCfg = Unicode Debug|Win32
		{6B7749EE-74DF-496C-9EBE-0E6C73CAA50B}.Unicode Debug|Win32.Build.0 = Unicode Debug|Win32
		{6B7749EE-74DF-496C-9EBE-0E6C73CAA50B}.Unicode Release|Win32.ActiveCfg = Unicode Release|Win32
		{6B7749EE-74DF-496C-9EBE-0E6C73CAA50B}.Unicode Release|Win32.Build.0 = Unicode Release|Win32
		{55F49127-D37F-4C01-861A-55ACC3A71242}.MBCS Debug|Win32.ActiveCfg = MBCS Debug|Win32
		{55F49127-D37F-4C01-861A-55ACC3A71242}.MBCS Debug|Win32.Build.0 = MBCS Debug|Win32
		{55F49127-D37F-4C01-861A-55ACC3A71242}.MBCS Release|Win32.ActiveCfg = MBCS Release|Win32
		{55F49127-D37F-4C01-861A-55ACC3A71242}.MBCS Release|Win32.Build.0 = MBCS Release|Win32
		{55F49127-D37F-4C01-861A-55ACC3A71242}.Unicode Debug|Win32.ActiveCfg = Unicode Debug|Win32
		{55F49127-D37F-4C01-861A-55ACC3A71242}.Unicode Debug|Win32.Build.0 = Unicode Debug|Win32
		{55F49127-D37F-4C01-861A-55ACC3A71242}.Unicode Release|Win32.ActiveCfg = Unicode Release|Win32
		{55F49127-D37F-4C01-861A-55ACC3A71242}.Unicode Release|Win32.Build.0 = Unicode Release|Win32
		{2399102F-9EA3-4FCE-9A51-98B361A9E8C9}.MBCS Debug|Win32.ActiveCfg = MBCS Debug|Win32
		{2399102F-9EA3-4FCE-9A51-98B361A9E8C9}.MBCS Debug|Win32.Build.0 = MBCS Debug|Win32
		{2399102F-9EA3-4FCE-9A51-98B361A9E8C9}.MBCS Release|Win32.ActiveCfg = MBCS Release|Win32
		{2399102F-9EA3-4FCE-9A51-98B361A9E8C9}.MBCS Release|Win32.Build.0 = MBCS Release|Win32
		{2399102F-9EA3-4FCE-9A51-98B361A9E8C9}.Unicode Debug|Win32.ActiveCfg = Unicode Debug|Win32
		{2399102F-9EA3-4FCE-9A51-98B361A9E8C9}.Unicode Debug|Win32.Build.0 = Unicode Debug|Win32
		{2399102F-9EA3-4FCE-9A51-98B361A9E8C9}.Unicode Release|Win32.ActiveCfg = Unicode Release|Win32
		{2399102F-9EA3-4FCE-9A51-98B361A9E8C9}.Unicode Release|Win32.Build.0 = Unicode Release|Win32
		{BB18E23B-EED9-4DFD-A55E-72F9F43AEA9E}.MBCS Debug|Win32.ActiveCfg = MBCS Debug|Win32
		{BB18E23B-EED9-4DFD-A55E-72F9F43AEA9E}.MBCS Debug|Win32.Build.0 = MBCS Debug|Win32
		{BB18E23B-EED9-4DFD-A55E-72F9F43AEA9E}.MBCS Release|Win32.ActiveCfg = MBCS Release|Win32
		{BB18E23B-EED9-4DFD-A55E-72F9F43AEA9E}.MBCS Release|Win32.Build.0 = MBCS Release|Win32
		{BB18E23B-EED9-4DFD-A55E-72F9F43AEA9E}.Unicode Debug|Win32.ActiveCfg = Unicode Debug|Win32
		{BB18E23B-EED9-4DFD-A55E-72F9F43AEA9E}.Unicode Debug|Win32.Build.0 = Unicode Debug|Win32
		{BB18E23B-EED9-4DFD-A55E-72F9F43AEA9E}.Unicode Release|Win32.ActiveCfg = Unicode Release|Win32
		{BB18E23B-EED9-4DFD-A55E-72F9F43AEA9E}.Unicode Release|Win32.Build.0 = Unicode Release|Win32
	EndGlobalSection
	GlobalSection(SolutionProperties) = preSolution
		HideSolutionNode = FALSE
	EndGlobalSection
	GlobalSection(NestedProjects) = preSolution
		{9DD74115-092A-4876-8861-16938001E1EB} = {C3315697-36E4-48FB-8DC1-D0EF8AAC451B}
	EndGlobalSection
EndGlobal
